
Microsoft Visual Studio Solution File, Format Version 12.00
# Visual Studio Version 17
VisualStudioVersion = 17.0.31903.59
MinimumVisualStudioVersion = 10.0.40219.1
Project("{FAE04EC0-301F-11D3-BF4B-00C04F79EFBC}") = "agent", "src\agent\agent.csproj", "{A1B2C3D4-E5F6-7890-ABCD-EF1234567890}"
EndProject
Project("{FAE04EC0-301F-11D3-BF4B-00C04F79EFBC}") = "agent.workspace", "src\agent.workspace\agent.workspace.csproj", "{B2C3D4E5-F6A7-8901-BCDE-F12345678901}"
EndProject
Project("{FAE04EC0-301F-11D3-BF4B-00C04F79EFBC}") = "agent.codegen", "src\agent.codegen\agent.codegen.csproj", "{C3D4E5F6-A7B8-9012-CDEF-123456789012}"
EndProject
Project("{FAE04EC0-301F-11D3-BF4B-00C04F79EFBC}") = "agent.recovery", "src\agent.recovery\agent.recovery.csproj", "{E5F6A7B8-C9D0-1234-EF01-345678901234}"
EndProject
Project("{FAE04EC0-301F-11D3-BF4B-00C04F79EFBC}") = "agent.vectormemory", "src\agent.vectormemory\agent.vectormemory.csproj", "{F6A7B8C9-D0E1-2345-F012-456789012345}"
EndProject
Project("{FAE04EC0-301F-11D3-BF4B-00C04F79EFBC}") = "agent.core", "src\agent.core\agent.core.csproj", "{3E1BCB55-D4CF-4D4A-87C6-6151A2856EFC}"
EndProject
Project("{FAE04EC0-301F-11D3-BF4B-00C04F79EFBC}") = "agent.host", "src\agent.host\agent.host.csproj", "{56D82495-3024-48E9-9607-322D5B34F5DF}"
EndProject
Project("{FAE04EC0-301F-11D3-BF4B-00C04F79EFBC}") = "agentframework.tests", "src\agent.tests\agentframework.tests.csproj", "{01234567-89AB-CDEF-0123-567890123456}"
EndProject
Project("{2150E333-8FDC-42A3-9474-1A3956D46DE8}") = "src", "src", "{827E0CD3-B72D-47B6-A68D-7590B98EB39B}"
EndProject
Project("{FAE04EC0-301F-11D3-BF4B-00C04F79EFBC}") = "agent.output", "src\agent.output\agent.output.csproj", "{C0D1273A-FF28-45AC-A6A3-BEB4DAEBCB55}"
EndProject
Project("{FAE04EC0-301F-11D3-BF4B-00C04F79EFBC}") = "agent.config", "src\agent.config\agent.config.csproj", "{2EBB5754-FF2C-43ED-B126-6C597334802B}"
EndProject
Project("{FAE04EC0-301F-11D3-BF4B-00C04F79EFBC}") = "agent.modelqueue", "src\agent.modelqueue\agent.modelqueue.csproj", "{E23B39FE-10D4-4C43-A725-40005D7E7221}"
EndProject
Project("{FAE04EC0-301F-11D3-BF4B-00C04F79EFBC}") = "agent.logging", "src\agent.logging\agent.logging.csproj", "{3A5F5E81-8E9C-40C4-B66D-960A758EED67}"
EndProject
Project("{FAE04EC0-301F-11D3-BF4B-00C04F79EFBC}") = "agent.skills", "src\agent.skills\agent.skills.csproj", "{137D6D05-E7B6-4582-809D-63047E0DAD73}"
EndProject
Global
	GlobalSection(SolutionConfigurationPlatforms) = preSolution
		Debug|Any CPU = Debug|Any CPU
		Debug|x64 = Debug|x64
		Debug|x86 = Debug|x86
		Release|Any CPU = Release|Any CPU
		Release|x64 = Release|x64
		Release|x86 = Release|x86
	EndGlobalSection
	GlobalSection(ProjectConfigurationPlatforms) = postSolution
		{A1B2C3D4-E5F6-7890-ABCD-EF1234567890}.Debug|Any CPU.ActiveCfg = Debug|Any CPU
		{A1B2C3D4-E5F6-7890-ABCD-EF1234567890}.Debug|Any CPU.Build.0 = Debug|Any CPU
		{A1B2C3D4-E5F6-7890-ABCD-EF1234567890}.Debug|x64.ActiveCfg = Debug|Any CPU
		{A1B2C3D4-E5F6-7890-ABCD-EF1234567890}.Debug|x64.Build.0 = Debug|Any CPU
		{A1B2C3D4-E5F6-7890-ABCD-EF1234567890}.Debug|x86.ActiveCfg = Debug|Any CPU
		{A1B2C3D4-E5F6-7890-ABCD-EF1234567890}.Debug|x86.Build.0 = Debug|Any CPU
		{A1B2C3D4-E5F6-7890-ABCD-EF1234567890}.Release|Any CPU.ActiveCfg = Release|Any CPU
		{A1B2C3D4-E5F6-7890-ABCD-EF1234567890}.Release|Any CPU.Build.0 = Release|Any CPU
		{A1B2C3D4-E5F6-7890-ABCD-EF1234567890}.Release|x64.ActiveCfg = Release|Any CPU
		{A1B2C3D4-E5F6-7890-ABCD-EF1234567890}.Release|x64.Build.0 = Release|Any CPU
		{A1B2C3D4-E5F6-7890-ABCD-EF1234567890}.Release|x86.ActiveCfg = Release|Any CPU
		{A1B2C3D4-E5F6-7890-ABCD-EF1234567890}.Release|x86.Build.0 = Release|Any CPU
		{B2C3D4E5-F6A7-8901-BCDE-F12345678901}.Debug|Any CPU.ActiveCfg = Debug|Any CPU
		{B2C3D4E5-F6A7-8901-BCDE-F12345678901}.Debug|Any CPU.Build.0 = Debug|Any CPU
		{B2C3D4E5-F6A7-8901-BCDE-F12345678901}.Debug|x64.ActiveCfg = Debug|Any CPU
		{B2C3D4E5-F6A7-8901-BCDE-F12345678901}.Debug|x64.Build.0 = Debug|Any CPU
		{B2C3D4E5-F6A7-8901-BCDE-F12345678901}.Debug|x86.ActiveCfg = Debug|Any CPU
		{B2C3D4E5-F6A7-8901-BCDE-F12345678901}.Debug|x86.Build.0 = Debug|Any CPU
		{B2C3D4E5-F6A7-8901-BCDE-F12345678901}.Release|Any CPU.ActiveCfg = Release|Any CPU
		{B2C3D4E5-F6A7-8901-BCDE-F12345678901}.Release|Any CPU.Build.0 = Release|Any CPU
		{B2C3D4E5-F6A7-8901-BCDE-F12345678901}.Release|x64.ActiveCfg = Release|Any CPU
		{B2C3D4E5-F6A7-8901-BCDE-F12345678901}.Release|x64.Build.0 = Release|Any CPU
		{B2C3D4E5-F6A7-8901-BCDE-F12345678901}.Release|x86.ActiveCfg = Release|Any CPU
		{B2C3D4E5-F6A7-8901-BCDE-F12345678901}.Release|x86.Build.0 = Release|Any CPU
		{C3D4E5F6-A7B8-9012-CDEF-123456789012}.Debug|Any CPU.ActiveCfg = Debug|Any CPU
		{C3D4E5F6-A7B8-9012-CDEF-123456789012}.Debug|Any CPU.Build.0 = Debug|Any CPU
		{C3D4E5F6-A7B8-9012-CDEF-123456789012}.Debug|x64.ActiveCfg = Debug|Any CPU
		{C3D4E5F6-A7B8-9012-CDEF-123456789012}.Debug|x64.Build.0 = Debug|Any CPU
		{C3D4E5F6-A7B8-9012-CDEF-123456789012}.Debug|x86.ActiveCfg = Debug|Any CPU
		{C3D4E5F6-A7B8-9012-CDEF-123456789012}.Debug|x86.Build.0 = Debug|Any CPU
		{C3D4E5F6-A7B8-9012-CDEF-123456789012}.Release|Any CPU.ActiveCfg = Release|Any CPU
		{C3D4E5F6-A7B8-9012-CDEF-123456789012}.Release|Any CPU.Build.0 = Release|Any CPU
		{C3D4E5F6-A7B8-9012-CDEF-123456789012}.Release|x64.ActiveCfg = Release|Any CPU
		{C3D4E5F6-A7B8-9012-CDEF-123456789012}.Release|x64.Build.0 = Release|Any CPU
		{C3D4E5F6-A7B8-9012-CDEF-123456789012}.Release|x86.ActiveCfg = Release|Any CPU
		{C3D4E5F6-A7B8-9012-CDEF-123456789012}.Release|x86.Build.0 = Release|Any CPU
		{E5F6A7B8-C9D0-1234-EF01-345678901234}.Debug|Any CPU.ActiveCfg = Debug|Any CPU
		{E5F6A7B8-C9D0-1234-EF01-345678901234}.Debug|Any CPU.Build.0 = Debug|Any CPU
		{E5F6A7B8-C9D0-1234-EF01-345678901234}.Debug|x64.ActiveCfg = Debug|Any CPU
		{E5F6A7B8-C9D0-1234-EF01-345678901234}.Debug|x64.Build.0 = Debug|Any CPU
		{E5F6A7B8-C9D0-1234-EF01-345678901234}.Debug|x86.ActiveCfg = Debug|Any CPU
		{E5F6A7B8-C9D0-1234-EF01-345678901234}.Debug|x86.Build.0 = Debug|Any CPU
		{E5F6A7B8-C9D0-1234-EF01-345678901234}.Release|Any CPU.ActiveCfg = Release|Any CPU
		{E5F6A7B8-C9D0-1234-EF01-345678901234}.Release|Any CPU.Build.0 = Release|Any CPU
		{E5F6A7B8-C9D0-1234-EF01-345678901234}.Release|x64.ActiveCfg = Release|Any CPU
		{E5F6A7B8-C9D0-1234-EF01-345678901234}.Release|x64.Build.0 = Release|Any CPU
		{E5F6A7B8-C9D0-1234-EF01-345678901234}.Release|x86.ActiveCfg = Release|Any CPU
		{E5F6A7B8-C9D0-1234-EF01-345678901234}.Release|x86.Build.0 = Release|Any CPU
		{F6A7B8C9-D0E1-2345-F012-456789012345}.Debug|Any CPU.ActiveCfg = Debug|Any CPU
		{F6A7B8C9-D0E1-2345-F012-456789012345}.Debug|Any CPU.Build.0 = Debug|Any CPU
		{F6A7B8C9-D0E1-2345-F012-456789012345}.Debug|x64.ActiveCfg = Debug|Any CPU
		{F6A7B8C9-D0E1-2345-F012-456789012345}.Debug|x64.Build.0 = Debug|Any CPU
		{F6A7B8C9-D0E1-2345-F012-456789012345}.Debug|x86.ActiveCfg = Debug|Any CPU
		{F6A7B8C9-D0E1-2345-F012-456789012345}.Debug|x86.Build.0 = Debug|Any CPU
		{F6A7B8C9-D0E1-2345-F012-456789012345}.Release|Any CPU.ActiveCfg = Release|Any CPU
		{F6A7B8C9-D0E1-2345-F012-456789012345}.Release|Any CPU.Build.0 = Release|Any CPU
		{F6A7B8C9-D0E1-2345-F012-456789012345}.Release|x64.ActiveCfg = Release|Any CPU
		{F6A7B8C9-D0E1-2345-F012-456789012345}.Release|x64.Build.0 = Release|Any CPU
		{F6A7B8C9-D0E1-2345-F012-456789012345}.Release|x86.ActiveCfg = Release|Any CPU
		{F6A7B8C9-D0E1-2345-F012-456789012345}.Release|x86.Build.0 = Release|Any CPU
		{3E1BCB55-D4CF-4D4A-87C6-6151A2856EFC}.Debug|Any CPU.ActiveCfg = Debug|Any CPU
		{3E1BCB55-D4CF-4D4A-87C6-6151A2856EFC}.Debug|Any CPU.Build.0 = Debug|Any CPU
		{3E1BCB55-D4CF-4D4A-87C6-6151A2856EFC}.Debug|x64.ActiveCfg = Debug|Any CPU
		{3E1BCB55-D4CF-4D4A-87C6-6151A2856EFC}.Debug|x64.Build.0 = Debug|Any CPU
		{3E1BCB55-D4CF-4D4A-87C6-6151A2856EFC}.Debug|x86.ActiveCfg = Debug|Any CPU
		{3E1BCB55-D4CF-4D4A-87C6-6151A2856EFC}.Debug|x86.Build.0 = Debug|Any CPU
		{3E1BCB55-D4CF-4D4A-87C6-6151A2856EFC}.Release|Any CPU.ActiveCfg = Release|Any CPU
		{3E1BCB55-D4CF-4D4A-87C6-6151A2856EFC}.Release|Any CPU.Build.0 = Release|Any CPU
		{3E1BCB55-D4CF-4D4A-87C6-6151A2856EFC}.Release|x64.ActiveCfg = Release|Any CPU
		{3E1BCB55-D4CF-4D4A-87C6-6151A2856EFC}.Release|x64.Build.0 = Release|Any CPU
		{3E1BCB55-D4CF-4D4A-87C6-6151A2856EFC}.Release|x86.ActiveCfg = Release|Any CPU
		{3E1BCB55-D4CF-4D4A-87C6-6151A2856EFC}.Release|x86.Build.0 = Release|Any CPU
		{56D82495-3024-48E9-9607-322D5B34F5DF}.Debug|Any CPU.ActiveCfg = Debug|Any CPU
		{56D82495-3024-48E9-9607-322D5B34F5DF}.Debug|Any CPU.Build.0 = Debug|Any CPU
		{56D82495-3024-48E9-9607-322D5B34F5DF}.Debug|x64.ActiveCfg = Debug|Any CPU
		{56D82495-3024-48E9-9607-322D5B34F5DF}.Debug|x64.Build.0 = Debug|Any CPU
		{56D82495-3024-48E9-9607-322D5B34F5DF}.Debug|x86.ActiveCfg = Debug|Any CPU
		{56D82495-3024-48E9-9607-322D5B34F5DF}.Debug|x86.Build.0 = Debug|Any CPU
		{56D82495-3024-48E9-9607-322D5B34F5DF}.Release|Any CPU.ActiveCfg = Release|Any CPU
		{56D82495-3024-48E9-9607-322D5B34F5DF}.Release|Any CPU.Build.0 = Release|Any CPU
		{56D82495-3024-48E9-9607-322D5B34F5DF}.Release|x64.ActiveCfg = Release|Any CPU
		{56D82495-3024-48E9-9607-322D5B34F5DF}.Release|x64.Build.0 = Release|Any CPU
		{56D82495-3024-48E9-9607-322D5B34F5DF}.Release|x86.ActiveCfg = Release|Any CPU
		{56D82495-3024-48E9-9607-322D5B34F5DF}.Release|x86.Build.0 = Release|Any CPU
		{01234567-89AB-CDEF-0123-567890123456}.Debug|Any CPU.ActiveCfg = Debug|Any CPU
		{01234567-89AB-CDEF-0123-567890123456}.Debug|Any CPU.Build.0 = Debug|Any CPU
		{01234567-89AB-CDEF-0123-567890123456}.Debug|x64.ActiveCfg = Debug|Any CPU
		{01234567-89AB-CDEF-0123-567890123456}.Debug|x64.Build.0 = Debug|Any CPU
		{01234567-89AB-CDEF-0123-567890123456}.Debug|x86.ActiveCfg = Debug|Any CPU
		{01234567-89AB-CDEF-0123-567890123456}.Debug|x86.Build.0 = Debug|Any CPU
		{01234567-89AB-CDEF-0123-567890123456}.Release|Any CPU.ActiveCfg = Release|Any CPU
		{01234567-89AB-CDEF-0123-567890123456}.Release|Any CPU.Build.0 = Release|Any CPU
		{01234567-89AB-CDEF-0123-567890123456}.Release|x64.ActiveCfg = Release|Any CPU
		{01234567-89AB-CDEF-0123-567890123456}.Release|x64.Build.0 = Release|Any CPU
		{01234567-89AB-CDEF-0123-567890123456}.Release|x86.ActiveCfg = Release|Any CPU
		{01234567-89AB-CDEF-0123-567890123456}.Release|x86.Build.0 = Release|Any CPU
		{C0D1273A-FF28-45AC-A6A3-BEB4DAEBCB55}.Debug|Any CPU.ActiveCfg = Debug|Any CPU
		{C0D1273A-FF28-45AC-A6A3-BEB4DAEBCB55}.Debug|Any CPU.Build.0 = Debug|Any CPU
		{C0D1273A-FF28-45AC-A6A3-BEB4DAEBCB55}.Debug|x64.ActiveCfg = Debug|Any CPU
		{C0D1273A-FF28-45AC-A6A3-BEB4DAEBCB55}.Debug|x64.Build.0 = Debug|Any CPU
		{C0D1273A-FF28-45AC-A6A3-BEB4DAEBCB55}.Debug|x86.ActiveCfg = Debug|Any CPU
		{C0D1273A-FF28-45AC-A6A3-BEB4DAEBCB55}.Debug|x86.Build.0 = Debug|Any CPU
		{C0D1273A-FF28-45AC-A6A3-BEB4DAEBCB55}.Release|Any CPU.ActiveCfg = Release|Any CPU
		{C0D1273A-FF28-45AC-A6A3-BEB4DAEBCB55}.Release|Any CPU.Build.0 = Release|Any CPU
		{C0D1273A-FF28-45AC-A6A3-BEB4DAEBCB55}.Release|x64.ActiveCfg = Release|Any CPU
		{C0D1273A-FF28-45AC-A6A3-BEB4DAEBCB55}.Release|x64.Build.0 = Release|Any CPU
		{C0D1273A-FF28-45AC-A6A3-BEB4DAEBCB55}.Release|x86.ActiveCfg = Release|Any CPU
		{C0D1273A-FF28-45AC-A6A3-BEB4DAEBCB55}.Release|x86.Build.0 = Release|Any CPU
		{2EBB5754-FF2C-43ED-B126-6C597334802B}.Debug|Any CPU.ActiveCfg = Debug|Any CPU
		{2EBB5754-FF2C-43ED-B126-6C597334802B}.Debug|Any CPU.Build.0 = Debug|Any CPU
		{2EBB5754-FF2C-43ED-B126-6C597334802B}.Debug|x64.ActiveCfg = Debug|Any CPU
		{2EBB5754-FF2C-43ED-B126-6C597334802B}.Debug|x64.Build.0 = Debug|Any CPU
		{2EBB5754-FF2C-43ED-B126-6C597334802B}.Debug|x86.ActiveCfg = Debug|Any CPU
		{2EBB5754-FF2C-43ED-B126-6C597334802B}.Debug|x86.Build.0 = Debug|Any CPU
		{2EBB5754-FF2C-43ED-B126-6C597334802B}.Release|Any CPU.ActiveCfg = Release|Any CPU
		{2EBB5754-FF2C-43ED-B126-6C597334802B}.Release|Any CPU.Build.0 = Release|Any CPU
		{2EBB5754-FF2C-43ED-B126-6C597334802B}.Release|x64.ActiveCfg = Release|Any CPU
		{2EBB5754-FF2C-43ED-B126-6C597334802B}.Release|x64.Build.0 = Release|Any CPU
		{2EBB5754-FF2C-43ED-B126-6C597334802B}.Release|x86.ActiveCfg = Release|Any CPU
		{2EBB5754-FF2C-43ED-B126-6C597334802B}.Release|x86.Build.0 = Release|Any CPU
		{E23B39FE-10D4-4C43-A725-40005D7E7221}.Debug|Any CPU.ActiveCfg = Debug|Any CPU
		{E23B39FE-10D4-4C43-A725-40005D7E7221}.Debug|Any CPU.Build.0 = Debug|Any CPU
		{E23B39FE-10D4-4C43-A725-40005D7E7221}.Debug|x64.ActiveCfg = Debug|Any CPU
		{E23B39FE-10D4-4C43-A725-40005D7E7221}.Debug|x64.Build.0 = Debug|Any CPU
		{E23B39FE-10D4-4C43-A725-40005D7E7221}.Debug|x86.ActiveCfg = Debug|Any CPU
		{E23B39FE-10D4-4C43-A725-40005D7E7221}.Debug|x86.Build.0 = Debug|Any CPU
		{E23B39FE-10D4-4C43-A725-40005D7E7221}.Release|Any CPU.ActiveCfg = Release|Any CPU
		{E23B39FE-10D4-4C43-A725-40005D7E7221}.Release|Any CPU.Build.0 = Release|Any CPU
		{E23B39FE-10D4-4C43-A725-40005D7E7221}.Release|x64.ActiveCfg = Release|Any CPU
		{E23B39FE-10D4-4C43-A725-40005D7E7221}.Release|x64.Build.0 = Release|Any CPU
		{E23B39FE-10D4-4C43-A725-40005D7E7221}.Release|x86.ActiveCfg = Release|Any CPU
		{E23B39FE-10D4-4C43-A725-40005D7E7221}.Release|x86.Build.0 = Release|Any CPU
		{3A5F5E81-8E9C-40C4-B66D-960A758EED67}.Debug|Any CPU.ActiveCfg = Debug|Any CPU
		{3A5F5E81-8E9C-40C4-B66D-960A758EED67}.Debug|Any CPU.Build.0 = Debug|Any CPU
		{3A5F5E81-8E9C-40C4-B66D-960A758EED67}.Debug|x64.ActiveCfg = Debug|Any CPU
		{3A5F5E81-8E9C-40C4-B66D-960A758EED67}.Debug|x64.Build.0 = Debug|Any CPU
		{3A5F5E81-8E9C-40C4-B66D-960A758EED67}.Debug|x86.ActiveCfg = Debug|Any CPU
		{3A5F5E81-8E9C-40C4-B66D-960A758EED67}.Debug|x86.Build.0 = Debug|Any CPU
		{3A5F5E81-8E9C-40C4-B66D-960A758EED67}.Release|Any CPU.ActiveCfg = Release|Any CPU
		{3A5F5E81-8E9C-40C4-B66D-960A758EED67}.Release|Any CPU.Build.0 = Release|Any CPU
		{3A5F5E81-8E9C-40C4-B66D-960A758EED67}.Release|x64.ActiveCfg = Release|Any CPU
		{3A5F5E81-8E9C-40C4-B66D-960A758EED67}.Release|x64.Build.0 = Release|Any CPU
		{3A5F5E81-8E9C-40C4-B66D-960A758EED67}.Release|x86.ActiveCfg = Release|Any CPU
		{3A5F5E81-8E9C-40C4-B66D-960A758EED67}.Release|x86.Build.0 = Release|Any CPU
		{137D6D05-E7B6-4582-809D-63047E0DAD73}.Debug|Any CPU.ActiveCfg = Debug|Any CPU
		{137D6D05-E7B6-4582-809D-63047E0DAD73}.Debug|Any CPU.Build.0 = Debug|Any CPU
		{137D6D05-E7B6-4582-809D-63047E0DAD73}.Debug|x64.ActiveCfg = Debug|Any CPU
		{137D6D05-E7B6-4582-809D-63047E0DAD73}.Debug|x64.Build.0 = Debug|Any CPU
		{137D6D05-E7B6-4582-809D-63047E0DAD73}.Debug|x86.ActiveCfg = Debug|Any CPU
		{137D6D05-E7B6-4582-809D-63047E0DAD73}.Debug|x86.Build.0 = Debug|Any CPU
		{137D6D05-E7B6-4582-809D-63047E0DAD73}.Release|Any CPU.ActiveCfg = Release|Any CPU
		{137D6D05-E7B6-4582-809D-63047E0DAD73}.Release|Any CPU.Build.0 = Release|Any CPU
		{137D6D05-E7B6-4582-809D-63047E0DAD73}.Release|x64.ActiveCfg = Release|Any CPU
		{137D6D05-E7B6-4582-809D-63047E0DAD73}.Release|x64.Build.0 = Release|Any CPU
		{137D6D05-E7B6-4582-809D-63047E0DAD73}.Release|x86.ActiveCfg = Release|Any CPU
		{137D6D05-E7B6-4582-809D-63047E0DAD73}.Release|x86.Build.0 = Release|Any CPU
	EndGlobalSection
	GlobalSection(SolutionProperties) = preSolution
		HideSolutionNode = FALSE
	EndGlobalSection
	GlobalSection(NestedProjects) = preSolution
		{C0D1273A-FF28-45AC-A6A3-BEB4DAEBCB55} = {827E0CD3-B72D-47B6-A68D-7590B98EB39B}
		{2EBB5754-FF2C-43ED-B126-6C597334802B} = {827E0CD3-B72D-47B6-A68D-7590B98EB39B}
		{E23B39FE-10D4-4C43-A725-40005D7E7221} = {827E0CD3-B72D-47B6-A68D-7590B98EB39B}
		{3A5F5E81-8E9C-40C4-B66D-960A758EED67} = {827E0CD3-B72D-47B6-A68D-7590B98EB39B}
		{137D6D05-E7B6-4582-809D-63047E0DAD73} = {827E0CD3-B72D-47B6-A68D-7590B98EB39B}
	EndGlobalSection
EndGlobal
