
Microsoft Visual Studio Solution File, Format Version 12.00
# Visual Studio Version 17
VisualStudioVersion = 17.0.31903.59
MinimumVisualStudioVersion = 10.0.40219.1
Project("{FAE04EC0-301F-11D3-BF4B-00C04F79EFBC}") = "agent.core", "agent.core\agent.core.csproj", "{45EDBA59-A603-466D-9B39-51F08F64C6D8}"
EndProject
Project("{FAE04EC0-301F-11D3-BF4B-00C04F79EFBC}") = "agent", "agent\agent.csproj", "{12AC28CC-9DC1-4467-838E-B44158F0D232}"
EndProject
Project("{FAE04EC0-301F-11D3-BF4B-00C04F79EFBC}") = "agent.codegen", "agent.codegen\agent.codegen.csproj", "{DE2ADF76-8991-47A9-924A-7C2379BC6374}"
EndProject
Project("{FAE04EC0-301F-11D3-BF4B-00C04F79EFBC}") = "agent.rag", "agent.rag\agent.rag.csproj", "{C1572A34-4F1D-44C5-B1AA-E7ACCE5EA950}"
EndProject
Project("{FAE04EC0-301F-11D3-BF4B-00C04F79EFBC}") = "agent.recovery", "agent.recovery\agent.recovery.csproj", "{B13AAE96-6153-48C0-BEEF-42426DC658EE}"
EndProject
Project("{FAE04EC0-301F-11D3-BF4B-00C04F79EFBC}") = "AgentFramework.Tests", "agent.tests\AgentFramework.Tests.csproj", "{EF9B3DF1-B725-4AA2-9497-F7CE8AABA2BA}"
EndProject
Project("{FAE04EC0-301F-11D3-BF4B-00C04F79EFBC}") = "agent.vectormemory", "agent.vectormemory\agent.vectormemory.csproj", "{274D9DE0-3BFE-4A6A-A84C-430D319931D9}"
EndProject
Project("{FAE04EC0-301F-11D3-BF4B-00C04F79EFBC}") = "agent.workspace", "agent.workspace\agent.workspace.csproj", "{6291C8DA-EB12-4121-8625-8F06D8BB302F}"
EndProject
Project("{FAE04EC0-301F-11D3-BF4B-00C04F79EFBC}") = "agent.modelqueue", "..\agent.modelqueue\agent.modelqueue.csproj", "{E3CBAC94-B4B8-49AD-ACEC-D72F7B1DF5BB}"
EndProject
Project("{FAE04EC0-301F-11D3-BF4B-00C04F79EFBC}") = "agent.config", "..\agent.config\agent.config.csproj", "{311E2850-27E5-4324-80FD-50C5FCB7C9D3}"
EndProject
Global
	GlobalSection(SolutionConfigurationPlatforms) = preSolution
		Debug|Any CPU = Debug|Any CPU
		Debug|x64 = Debug|x64
		Debug|x86 = Debug|x86
		Release|Any CPU = Release|Any CPU
		Release|x64 = Release|x64
		Release|x86 = Release|x86
	EndGlobalSection
	GlobalSection(ProjectConfigurationPlatforms) = postSolution
		{45EDBA59-A603-466D-9B39-51F08F64C6D8}.Debug|x64.ActiveCfg = Debug|Any CPU
		{45EDBA59-A603-466D-9B39-51F08F64C6D8}.Debug|x64.Build.0 = Debug|Any CPU
		{45EDBA59-A603-466D-9B39-51F08F64C6D8}.Debug|x86.ActiveCfg = Debug|Any CPU
		{45EDBA59-A603-466D-9B39-51F08F64C6D8}.Debug|x86.Build.0 = Debug|Any CPU
		{45EDBA59-A603-466D-9B39-51F08F64C6D8}.Release|x64.ActiveCfg = Release|Any CPU
		{45EDBA59-A603-466D-9B39-51F08F64C6D8}.Release|x64.Build.0 = Release|Any CPU
		{45EDBA59-A603-466D-9B39-51F08F64C6D8}.Release|x86.ActiveCfg = Release|Any CPU
		{45EDBA59-A603-466D-9B39-51F08F64C6D8}.Release|x86.Build.0 = Release|Any CPU
		{12AC28CC-9DC1-4467-838E-B44158F0D232}.Debug|Any CPU.ActiveCfg = Debug|Any CPU
		{12AC28CC-9DC1-4467-838E-B44158F0D232}.Debug|Any CPU.Build.0 = Debug|Any CPU
		{12AC28CC-9DC1-4467-838E-B44158F0D232}.Debug|x64.ActiveCfg = Debug|Any CPU
		{12AC28CC-9DC1-4467-838E-B44158F0D232}.Debug|x64.Build.0 = Debug|Any CPU
		{12AC28CC-9DC1-4467-838E-B44158F0D232}.Debug|x86.ActiveCfg = Debug|Any CPU
		{12AC28CC-9DC1-4467-838E-B44158F0D232}.Debug|x86.Build.0 = Debug|Any CPU
		{12AC28CC-9DC1-4467-838E-B44158F0D232}.Release|Any CPU.ActiveCfg = Release|Any CPU
		{12AC28CC-9DC1-4467-838E-B44158F0D232}.Release|Any CPU.Build.0 = Release|Any CPU
		{12AC28CC-9DC1-4467-838E-B44158F0D232}.Release|x64.ActiveCfg = Release|Any CPU
		{12AC28CC-9DC1-4467-838E-B44158F0D232}.Release|x64.Build.0 = Release|Any CPU
		{12AC28CC-9DC1-4467-838E-B44158F0D232}.Release|x86.ActiveCfg = Release|Any CPU
		{12AC28CC-9DC1-4467-838E-B44158F0D232}.Release|x86.Build.0 = Release|Any CPU
		{DE2ADF76-8991-47A9-924A-7C2379BC6374}.Debug|Any CPU.ActiveCfg = Debug|Any CPU
		{DE2ADF76-8991-47A9-924A-7C2379BC6374}.Debug|Any CPU.Build.0 = Debug|Any CPU
		{DE2ADF76-8991-47A9-924A-7C2379BC6374}.Debug|x64.ActiveCfg = Debug|Any CPU
		{DE2ADF76-8991-47A9-924A-7C2379BC6374}.Debug|x64.Build.0 = Debug|Any CPU
		{DE2ADF76-8991-47A9-924A-7C2379BC6374}.Debug|x86.ActiveCfg = Debug|Any CPU
		{DE2ADF76-8991-47A9-924A-7C2379BC6374}.Debug|x86.Build.0 = Debug|Any CPU
		{DE2ADF76-8991-47A9-924A-7C2379BC6374}.Release|Any CPU.ActiveCfg = Release|Any CPU
		{DE2ADF76-8991-47A9-924A-7C2379BC6374}.Release|Any CPU.Build.0 = Release|Any CPU
		{DE2ADF76-8991-47A9-924A-7C2379BC6374}.Release|x64.ActiveCfg = Release|Any CPU
		{DE2ADF76-8991-47A9-924A-7C2379BC6374}.Release|x64.Build.0 = Release|Any CPU
		{DE2ADF76-8991-47A9-924A-7C2379BC6374}.Release|x86.ActiveCfg = Release|Any CPU
		{DE2ADF76-8991-47A9-924A-7C2379BC6374}.Release|x86.Build.0 = Release|Any CPU
		{C1572A34-4F1D-44C5-B1AA-E7ACCE5EA950}.Debug|Any CPU.ActiveCfg = Debug|Any CPU
		{C1572A34-4F1D-44C5-B1AA-E7ACCE5EA950}.Debug|Any CPU.Build.0 = Debug|Any CPU
		{C1572A34-4F1D-44C5-B1AA-E7ACCE5EA950}.Debug|x64.ActiveCfg = Debug|Any CPU
		{C1572A34-4F1D-44C5-B1AA-E7ACCE5EA950}.Debug|x64.Build.0 = Debug|Any CPU
		{C1572A34-4F1D-44C5-B1AA-E7ACCE5EA950}.Debug|x86.ActiveCfg = Debug|Any CPU
		{C1572A34-4F1D-44C5-B1AA-E7ACCE5EA950}.Debug|x86.Build.0 = Debug|Any CPU
		{C1572A34-4F1D-44C5-B1AA-E7ACCE5EA950}.Release|Any CPU.ActiveCfg = Release|Any CPU
		{C1572A34-4F1D-44C5-B1AA-E7ACCE5EA950}.Release|Any CPU.Build.0 = Release|Any CPU
		{C1572A34-4F1D-44C5-B1AA-E7ACCE5EA950}.Release|x64.ActiveCfg = Release|Any CPU
		{C1572A34-4F1D-44C5-B1AA-E7ACCE5EA950}.Release|x64.Build.0 = Release|Any CPU
		{C1572A34-4F1D-44C5-B1AA-E7ACCE5EA950}.Release|x86.ActiveCfg = Release|Any CPU
		{C1572A34-4F1D-44C5-B1AA-E7ACCE5EA950}.Release|x86.Build.0 = Release|Any CPU
		{B13AAE96-6153-48C0-BEEF-42426DC658EE}.Debug|Any CPU.ActiveCfg = Debug|Any CPU
		{B13AAE96-6153-48C0-BEEF-42426DC658EE}.Debug|Any CPU.Build.0 = Debug|Any CPU
		{B13AAE96-6153-48C0-BEEF-42426DC658EE}.Debug|x64.ActiveCfg = Debug|Any CPU
		{B13AAE96-6153-48C0-BEEF-42426DC658EE}.Debug|x64.Build.0 = Debug|Any CPU
		{B13AAE96-6153-48C0-BEEF-42426DC658EE}.Debug|x86.ActiveCfg = Debug|Any CPU
		{B13AAE96-6153-48C0-BEEF-42426DC658EE}.Debug|x86.Build.0 = Debug|Any CPU
		{B13AAE96-6153-48C0-BEEF-42426DC658EE}.Release|Any CPU.ActiveCfg = Release|Any CPU
		{B13AAE96-6153-48C0-BEEF-42426DC658EE}.Release|Any CPU.Build.0 = Release|Any CPU
		{B13AAE96-6153-48C0-BEEF-42426DC658EE}.Release|x64.ActiveCfg = Release|Any CPU
		{B13AAE96-6153-48C0-BEEF-42426DC658EE}.Release|x64.Build.0 = Release|Any CPU
		{B13AAE96-6153-48C0-BEEF-42426DC658EE}.Release|x86.ActiveCfg = Release|Any CPU
		{B13AAE96-6153-48C0-BEEF-42426DC658EE}.Release|x86.Build.0 = Release|Any CPU
		{EF9B3DF1-B725-4AA2-9497-F7CE8AABA2BA}.Debug|Any CPU.ActiveCfg = Debug|Any CPU
		{EF9B3DF1-B725-4AA2-9497-F7CE8AABA2BA}.Debug|Any CPU.Build.0 = Debug|Any CPU
		{EF9B3DF1-B725-4AA2-9497-F7CE8AABA2BA}.Debug|x64.ActiveCfg = Debug|Any CPU
		{EF9B3DF1-B725-4AA2-9497-F7CE8AABA2BA}.Debug|x64.Build.0 = Debug|Any CPU
		{EF9B3DF1-B725-4AA2-9497-F7CE8AABA2BA}.Debug|x86.ActiveCfg = Debug|Any CPU
		{EF9B3DF1-B725-4AA2-9497-F7CE8AABA2BA}.Debug|x86.Build.0 = Debug|Any CPU
		{EF9B3DF1-B725-4AA2-9497-F7CE8AABA2BA}.Release|Any CPU.ActiveCfg = Release|Any CPU
		{EF9B3DF1-B725-4AA2-9497-F7CE8AABA2BA}.Release|Any CPU.Build.0 = Release|Any CPU
		{EF9B3DF1-B725-4AA2-9497-F7CE8AABA2BA}.Release|x64.ActiveCfg = Release|Any CPU
		{EF9B3DF1-B725-4AA2-9497-F7CE8AABA2BA}.Release|x64.Build.0 = Release|Any CPU
		{EF9B3DF1-B725-4AA2-9497-F7CE8AABA2BA}.Release|x86.ActiveCfg = Release|Any CPU
		{EF9B3DF1-B725-4AA2-9497-F7CE8AABA2BA}.Release|x86.Build.0 = Release|Any CPU
		{274D9DE0-3BFE-4A6A-A84C-430D319931D9}.Debug|Any CPU.ActiveCfg = Debug|Any CPU
		{274D9DE0-3BFE-4A6A-A84C-430D319931D9}.Debug|Any CPU.Build.0 = Debug|Any CPU
		{274D9DE0-3BFE-4A6A-A84C-430D319931D9}.Debug|x64.ActiveCfg = Debug|Any CPU
		{274D9DE0-3BFE-4A6A-A84C-430D319931D9}.Debug|x64.Build.0 = Debug|Any CPU
		{274D9DE0-3BFE-4A6A-A84C-430D319931D9}.Debug|x86.ActiveCfg = Debug|Any CPU
		{274D9DE0-3BFE-4A6A-A84C-430D319931D9}.Debug|x86.Build.0 = Debug|Any CPU
		{274D9DE0-3BFE-4A6A-A84C-430D319931D9}.Release|Any CPU.ActiveCfg = Release|Any CPU
		{274D9DE0-3BFE-4A6A-A84C-430D319931D9}.Release|Any CPU.Build.0 = Release|Any CPU
		{274D9DE0-3BFE-4A6A-A84C-430D319931D9}.Release|x64.ActiveCfg = Release|Any CPU
		{274D9DE0-3BFE-4A6A-A84C-430D319931D9}.Release|x64.Build.0 = Release|Any CPU
		{274D9DE0-3BFE-4A6A-A84C-430D319931D9}.Release|x86.ActiveCfg = Release|Any CPU
		{274D9DE0-3BFE-4A6A-A84C-430D319931D9}.Release|x86.Build.0 = Release|Any CPU
		{6291C8DA-EB12-4121-8625-8F06D8BB302F}.Debug|Any CPU.ActiveCfg = Debug|Any CPU
		{6291C8DA-EB12-4121-8625-8F06D8BB302F}.Debug|Any CPU.Build.0 = Debug|Any CPU
		{6291C8DA-EB12-4121-8625-8F06D8BB302F}.Debug|x64.ActiveCfg = Debug|Any CPU
		{6291C8DA-EB12-4121-8625-8F06D8BB302F}.Debug|x64.Build.0 = Debug|Any CPU
		{6291C8DA-EB12-4121-8625-8F06D8BB302F}.Debug|x86.ActiveCfg = Debug|Any CPU
		{6291C8DA-EB12-4121-8625-8F06D8BB302F}.Debug|x86.Build.0 = Debug|Any CPU
		{6291C8DA-EB12-4121-8625-8F06D8BB302F}.Release|Any CPU.ActiveCfg = Release|Any CPU
		{6291C8DA-EB12-4121-8625-8F06D8BB302F}.Release|Any CPU.Build.0 = Release|Any CPU
		{6291C8DA-EB12-4121-8625-8F06D8BB302F}.Release|x64.ActiveCfg = Release|Any CPU
		{6291C8DA-EB12-4121-8625-8F06D8BB302F}.Release|x64.Build.0 = Release|Any CPU
		{6291C8DA-EB12-4121-8625-8F06D8BB302F}.Release|x86.ActiveCfg = Release|Any CPU
		{6291C8DA-EB12-4121-8625-8F06D8BB302F}.Release|x86.Build.0 = Release|Any CPU
		{E3CBAC94-B4B8-49AD-ACEC-D72F7B1DF5BB}.Debug|Any CPU.ActiveCfg = Debug|Any CPU
		{E3CBAC94-B4B8-49AD-ACEC-D72F7B1DF5BB}.Debug|Any CPU.Build.0 = Debug|Any CPU
		{E3CBAC94-B4B8-49AD-ACEC-D72F7B1DF5BB}.Debug|x64.ActiveCfg = Debug|Any CPU
		{E3CBAC94-B4B8-49AD-ACEC-D72F7B1DF5BB}.Debug|x64.Build.0 = Debug|Any CPU
		{E3CBAC94-B4B8-49AD-ACEC-D72F7B1DF5BB}.Debug|x86.ActiveCfg = Debug|Any CPU
		{E3CBAC94-B4B8-49AD-ACEC-D72F7B1DF5BB}.Debug|x86.Build.0 = Debug|Any CPU
		{E3CBAC94-B4B8-49AD-ACEC-D72F7B1DF5BB}.Release|Any CPU.ActiveCfg = Release|Any CPU
		{E3CBAC94-B4B8-49AD-ACEC-D72F7B1DF5BB}.Release|Any CPU.Build.0 = Release|Any CPU
		{E3CBAC94-B4B8-49AD-ACEC-D72F7B1DF5BB}.Release|x64.ActiveCfg = Release|Any CPU
		{E3CBAC94-B4B8-49AD-ACEC-D72F7B1DF5BB}.Release|x64.Build.0 = Release|Any CPU
		{E3CBAC94-B4B8-49AD-ACEC-D72F7B1DF5BB}.Release|x86.ActiveCfg = Release|Any CPU
		{E3CBAC94-B4B8-49AD-ACEC-D72F7B1DF5BB}.Release|x86.Build.0 = Release|Any CPU
		{311E2850-27E5-4324-80FD-50C5FCB7C9D3}.Debug|Any CPU.ActiveCfg = Debug|Any CPU
		{311E2850-27E5-4324-80FD-50C5FCB7C9D3}.Debug|Any CPU.Build.0 = Debug|Any CPU
		{311E2850-27E5-4324-80FD-50C5FCB7C9D3}.Debug|x64.ActiveCfg = Debug|Any CPU
		{311E2850-27E5-4324-80FD-50C5FCB7C9D3}.Debug|x64.Build.0 = Debug|Any CPU
		{311E2850-27E5-4324-80FD-50C5FCB7C9D3}.Debug|x86.ActiveCfg = Debug|Any CPU
		{311E2850-27E5-4324-80FD-50C5FCB7C9D3}.Debug|x86.Build.0 = Debug|Any CPU
		{311E2850-27E5-4324-80FD-50C5FCB7C9D3}.Release|Any CPU.ActiveCfg = Release|Any CPU
		{311E2850-27E5-4324-80FD-50C5FCB7C9D3}.Release|Any CPU.Build.0 = Release|Any CPU
		{311E2850-27E5-4324-80FD-50C5FCB7C9D3}.Release|x64.ActiveCfg = Release|Any CPU
		{311E2850-27E5-4324-80FD-50C5FCB7C9D3}.Release|x64.Build.0 = Release|Any CPU
		{311E2850-27E5-4324-80FD-50C5FCB7C9D3}.Release|x86.ActiveCfg = Release|Any CPU
		{311E2850-27E5-4324-80FD-50C5FCB7C9D3}.Release|x86.Build.0 = Release|Any CPU
	EndGlobalSection
	GlobalSection(SolutionProperties) = preSolution
		HideSolutionNode = FALSE
	EndGlobalSection
EndGlobal
